
Microsoft Visual Studio Solution File, Format Version 12.00
# Visual Studio Version 17
VisualStudioVersion = 17.3.32929.385
MinimumVisualStudioVersion = 10.0.40219.1
Project("{FAE04EC0-301F-11D3-BF4B-00C04F79EFBC}") = "ParameterTestWebApplication", "ParameterTestWebApplication\ParameterTestWebApplication.csproj", "{C9999D2C-BD8F-4E40-8DBE-D3892F97663A}"
EndProject
Project("{FAE04EC0-301F-11D3-BF4B-00C04F79EFBC}") = "ParameterTestWebApplication.Tests", "ParameterTestWebApplication.Tests\ParameterTestWebApplication.Tests.csproj", "{15F3B755-CB2B-4B22-B591-71902FCFA338}"
EndProject
Global
	GlobalSection(SolutionConfigurationPlatforms) = preSolution
		Debug|Any CPU = Debug|Any CPU
		Release|Any CPU = Release|Any CPU
	EndGlobalSection
	GlobalSection(ProjectConfigurationPlatforms) = postSolution
		{C9999D2C-BD8F-4E40-8DBE-D3892F97663A}.Debug|Any CPU.ActiveCfg = Debug|Any CPU
		{C9999D2C-BD8F-4E40-8DBE-D3892F97663A}.Debug|Any CPU.Build.0 = Debug|Any CPU
		{C9999D2C-BD8F-4E40-8DBE-D3892F97663A}.Release|Any CPU.ActiveCfg = Release|Any CPU
		{C9999D2C-BD8F-4E40-8DBE-D3892F97663A}.Release|Any CPU.Build.0 = Release|Any CPU
		{15F3B755-CB2B-4B22-B591-71902FCFA338}.Debug|Any CPU.ActiveCfg = Debug|Any CPU
		{15F3B755-CB2B-4B22-B591-71902FCFA338}.Debug|Any CPU.Build.0 = Debug|Any CPU
		{15F3B755-CB2B-4B22-B591-71902FCFA338}.Release|Any CPU.ActiveCfg = Release|Any CPU
		{15F3B755-CB2B-4B22-B591-71902FCFA338}.Release|Any CPU.Build.0 = Release|Any CPU
	EndGlobalSection
	GlobalSection(SolutionProperties) = preSolution
		HideSolutionNode = FALSE
	EndGlobalSection
	GlobalSection(ExtensibilityGlobals) = postSolution
		SolutionGuid = {9C0E8F38-C6E3-4161-A42F-B5B87FB26EE4}
	EndGlobalSection
EndGlobal
